Microsoft Visual Studio Solution File, Format Version 12.00
# Visual Studio Version 16
VisualStudioVersion = 16.0.28803.352
MinimumVisualStudioVersion = 10.0.40219.1
Project("{9A19103F-16F7-4668-BE54-9A1E7A4F7556}") = "TestApp", "TestApp\TestApp.csproj", "{339BC0D5-2A54-40ED-9850-7ED65182E6E1}"
EndProject
Project("{2150E333-8FDC-42A3-9474-1A3956D46DE8}") = "Test Projects", "Test Projects", "{1D267DDB-F2DE-4B70-87C1-E93A0C2D73F4}"
EndProject
Project("{2150E333-8FDC-42A3-9474-1A3956D46DE8}") = "AvalonDock", "AvalonDock", "{B0EB64E3-2C25-46CC-BBB6-E38EF2584177}"
EndProject
Project("{9A19103F-16F7-4668-BE54-9A1E7A4F7556}") = "Xceed.Wpf.AvalonDock", "Components\Xceed.Wpf.AvalonDock\Xceed.Wpf.AvalonDock.csproj", "{DB81988F-E0F2-45A0-A1FD-8C37F3D35244}"
EndProject
Project("{9A19103F-16F7-4668-BE54-9A1E7A4F7556}") = "Xceed.Wpf.AvalonDock.Themes.Expression", "Components\Xceed.Wpf.AvalonDock.Themes.Expression\Xceed.Wpf.AvalonDock.Themes.Expression.csproj", "{488DD8F7-9D3C-4F53-BD1F-84A095D9BC10}"
EndProject
Project("{9A19103F-16F7-4668-BE54-9A1E7A4F7556}") = "Xceed.Wpf.AvalonDock.Themes.Metro", "Components\Xceed.Wpf.AvalonDock.Themes.Metro\Xceed.Wpf.AvalonDock.Themes.Metro.csproj", "{89286EB4-B4A1-418C-839A-067B00F442D8}"
EndProject
Project("{9A19103F-16F7-4668-BE54-9A1E7A4F7556}") = "Xceed.Wpf.AvalonDock.Themes.VS2013", "Components\Xceed.Wpf.AvalonDock.Themes.VS2013\Xceed.Wpf.AvalonDock.Themes.VS2013.csproj", "{BD7EEE0E-9432-4E76-BD82-793358E56BDF}"
EndProject
Project("{2150E333-8FDC-42A3-9474-1A3956D46DE8}") = "MLibTest_Components", "MLibTest_Components", "{72045D3A-A982-4C69-8FB8-6B601363D7ED}"
EndProject
Project("{FAE04EC0-301F-11D3-BF4B-00C04F79EFBC}") = "Settings", "MLibTest\MLibTest_Components\Settings\Settings\Settings.csproj", "{2807B493-CC2E-402E-901A-EB138698FEDC}"
EndProject
Project("{9A19103F-16F7-4668-BE54-9A1E7A4F7556}") = "Xceed.Wpf.AvalonDock.Themes.VS2010", "Components\Xceed.Wpf.AvalonDock.Themes.VS2010\Xceed.Wpf.AvalonDock.Themes.VS2010.csproj", "{B3FC3E21-5F2D-4581-AEA2-59F671CFFC21}"
EndProject
Project("{9A19103F-16F7-4668-BE54-9A1E7A4F7556}") = "Xceed.Wpf.AvalonDock.Themes.Aero", "Components\Xceed.Wpf.AvalonDock.Themes.Aero\Xceed.Wpf.AvalonDock.Themes.Aero.csproj", "{BA72CCE0-A9FB-4995-B496-7FEC5C87B85B}"
EndProject
Project("{2150E333-8FDC-42A3-9474-1A3956D46DE8}") = "AutomationTest", "AutomationTest", "{20876020-CC7D-46BD-9B80-E4F01FC0FD31}"
EndProject
Project("{FAE04EC0-301F-11D3-BF4B-00C04F79EFBC}") = "Xceed.Wpf.AvalonDock.Test", "AutomationTest\Xceed.Wpf.AvalonDock.Test\Xceed.Wpf.AvalonDock.Test.csproj", "{FE4E16A2-876A-4356-9974-8A89C50B2A5A}"
EndProject
Project("{9A19103F-16F7-4668-BE54-9A1E7A4F7556}") = "ServiceLocator", "MLibTest\MLibTest_Components\ServiceLocator\ServiceLocator.csproj", "{38F7F15D-2F13-49E4-B4E6-B9552072AFCD}"
EndProject
Project("{9A19103F-16F7-4668-BE54-9A1E7A4F7556}") = "SettingsModel", "MLibTest\MLibTest_Components\Settings\SettingsModel\SettingsModel.csproj", "{8A6923BD-563B-4258-B4E6-AD651BBF1962}"
EndProject
Project("{9A19103F-16F7-4668-BE54-9A1E7A4F7556}") = "MLibTest", "MLibTest\MLibTest\MLibTest.csproj", "{DB5F3CB8-214B-4EAB-83D2-2AF4EF3D60AD}"
EndProject
Project("{9A19103F-16F7-4668-BE54-9A1E7A4F7556}") = "MVVMTestApp", "MVVMTestApp\MVVMTestApp.csproj", "{3B75DEA1-F1B2-403C-AB74-C108EDB45EF2}"
EndProject
Project("{FAE04EC0-301F-11D3-BF4B-00C04F79EFBC}") = "WinFormsTestApp", "WinFormsTestApp\WinFormsTestApp.csproj", "{2433B8AF-0788-4C86-8FDD-E3BCB62E2157}"
EndProject
Global
	GlobalSection(SolutionConfigurationPlatforms) = preSolution
		Debug|Any CPU = Debug|Any CPU
		Debug|x64 = Debug|x64
		Debug|x86 = Debug|x86
		Release|Any CPU = Release|Any CPU
		Release|x64 = Release|x64
		Release|x86 = Release|x86
	EndGlobalSection
	GlobalSection(ProjectConfigurationPlatforms) = postSolution
		{339BC0D5-2A54-40ED-9850-7ED65182E6E1}.Debug|Any CPU.ActiveCfg = Debug|Any CPU
		{339BC0D5-2A54-40ED-9850-7ED65182E6E1}.Debug|Any CPU.Build.0 = Debug|Any CPU
		{339BC0D5-2A54-40ED-9850-7ED65182E6E1}.Debug|x64.ActiveCfg = Debug|Any CPU
		{339BC0D5-2A54-40ED-9850-7ED65182E6E1}.Debug|x64.Build.0 = Debug|Any CPU
		{339BC0D5-2A54-40ED-9850-7ED65182E6E1}.Debug|x86.ActiveCfg = Debug|Any CPU
		{339BC0D5-2A54-40ED-9850-7ED65182E6E1}.Debug|x86.Build.0 = Debug|Any CPU
		{339BC0D5-2A54-40ED-9850-7ED65182E6E1}.Release|Any CPU.ActiveCfg = Release|Any CPU
		{339BC0D5-2A54-40ED-9850-7ED65182E6E1}.Release|Any CPU.Build.0 = Release|Any CPU
		{339BC0D5-2A54-40ED-9850-7ED65182E6E1}.Release|x64.ActiveCfg = Release|Any CPU
		{339BC0D5-2A54-40ED-9850-7ED65182E6E1}.Release|x64.Build.0 = Release|Any CPU
		{339BC0D5-2A54-40ED-9850-7ED65182E6E1}.Release|x86.ActiveCfg = Release|Any CPU
		{339BC0D5-2A54-40ED-9850-7ED65182E6E1}.Release|x86.Build.0 = Release|Any CPU
		{DB81988F-E0F2-45A0-A1FD-8C37F3D35244}.Debug|Any CPU.ActiveCfg = Debug|Any CPU
		{DB81988F-E0F2-45A0-A1FD-8C37F3D35244}.Debug|Any CPU.Build.0 = Debug|Any CPU
		{DB81988F-E0F2-45A0-A1FD-8C37F3D35244}.Debug|x64.ActiveCfg = Debug|Any CPU
		{DB81988F-E0F2-45A0-A1FD-8C37F3D35244}.Debug|x64.Build.0 = Debug|Any CPU
		{DB81988F-E0F2-45A0-A1FD-8C37F3D35244}.Debug|x86.ActiveCfg = Debug|Any CPU
		{DB81988F-E0F2-45A0-A1FD-8C37F3D35244}.Debug|x86.Build.0 = Debug|Any CPU
		{DB81988F-E0F2-45A0-A1FD-8C37F3D35244}.Release|Any CPU.ActiveCfg = Release|Any CPU
		{DB81988F-E0F2-45A0-A1FD-8C37F3D35244}.Release|Any CPU.Build.0 = Release|Any CPU
		{DB81988F-E0F2-45A0-A1FD-8C37F3D35244}.Release|x64.ActiveCfg = Release|Any CPU
		{DB81988F-E0F2-45A0-A1FD-8C37F3D35244}.Release|x64.Build.0 = Release|Any CPU
		{DB81988F-E0F2-45A0-A1FD-8C37F3D35244}.Release|x86.ActiveCfg = Release|Any CPU
		{DB81988F-E0F2-45A0-A1FD-8C37F3D35244}.Release|x86.Build.0 = Release|Any CPU
		{488DD8F7-9D3C-4F53-BD1F-84A095D9BC10}.Debug|Any CPU.ActiveCfg = Debug|Any CPU
		{488DD8F7-9D3C-4F53-BD1F-84A095D9BC10}.Debug|Any CPU.Build.0 = Debug|Any CPU
		{488DD8F7-9D3C-4F53-BD1F-84A095D9BC10}.Debug|x64.ActiveCfg = Debug|Any CPU
		{488DD8F7-9D3C-4F53-BD1F-84A095D9BC10}.Debug|x64.Build.0 = Debug|Any CPU
		{488DD8F7-9D3C-4F53-BD1F-84A095D9BC10}.Debug|x86.ActiveCfg = Debug|Any CPU
		{488DD8F7-9D3C-4F53-BD1F-84A095D9BC10}.Debug|x86.Build.0 = Debug|Any CPU
		{488DD8F7-9D3C-4F53-BD1F-84A095D9BC10}.Release|Any CPU.ActiveCfg = Release|Any CPU
		{488DD8F7-9D3C-4F53-BD1F-84A095D9BC10}.Release|Any CPU.Build.0 = Release|Any CPU
		{488DD8F7-9D3C-4F53-BD1F-84A095D9BC10}.Release|x64.ActiveCfg = Release|Any CPU
		{488DD8F7-9D3C-4F53-BD1F-84A095D9BC10}.Release|x64.Build.0 = Release|Any CPU
		{488DD8F7-9D3C-4F53-BD1F-84A095D9BC10}.Release|x86.ActiveCfg = Release|Any CPU
		{488DD8F7-9D3C-4F53-BD1F-84A095D9BC10}.Release|x86.Build.0 = Release|Any CPU
		{89286EB4-B4A1-418C-839A-067B00F442D8}.Debug|Any CPU.ActiveCfg = Debug|Any CPU
		{89286EB4-B4A1-418C-839A-067B00F442D8}.Debug|Any CPU.Build.0 = Debug|Any CPU
		{89286EB4-B4A1-418C-839A-067B00F442D8}.Debug|x64.ActiveCfg = Debug|Any CPU
		{89286EB4-B4A1-418C-839A-067B00F442D8}.Debug|x64.Build.0 = Debug|Any CPU
		{89286EB4-B4A1-418C-839A-067B00F442D8}.Debug|x86.ActiveCfg = Debug|Any CPU
		{89286EB4-B4A1-418C-839A-067B00F442D8}.Debug|x86.Build.0 = Debug|Any CPU
		{89286EB4-B4A1-418C-839A-067B00F442D8}.Release|Any CPU.ActiveCfg = Release|Any CPU
		{89286EB4-B4A1-418C-839A-067B00F442D8}.Release|Any CPU.Build.0 = Release|Any CPU
		{89286EB4-B4A1-418C-839A-067B00F442D8}.Release|x64.ActiveCfg = Release|Any CPU
		{89286EB4-B4A1-418C-839A-067B00F442D8}.Release|x64.Build.0 = Release|Any CPU
		{89286EB4-B4A1-418C-839A-067B00F442D8}.Release|x86.ActiveCfg = Release|Any CPU
		{89286EB4-B4A1-418C-839A-067B00F442D8}.Release|x86.Build.0 = Release|Any CPU
		{BD7EEE0E-9432-4E76-BD82-793358E56BDF}.Debug|Any CPU.ActiveCfg = Debug|Any CPU
		{BD7EEE0E-9432-4E76-BD82-793358E56BDF}.Debug|Any CPU.Build.0 = Debug|Any CPU
		{BD7EEE0E-9432-4E76-BD82-793358E56BDF}.Debug|x64.ActiveCfg = Debug|Any CPU
		{BD7EEE0E-9432-4E76-BD82-793358E56BDF}.Debug|x64.Build.0 = Debug|Any CPU
		{BD7EEE0E-9432-4E76-BD82-793358E56BDF}.Debug|x86.ActiveCfg = Debug|Any CPU
		{BD7EEE0E-9432-4E76-BD82-793358E56BDF}.Debug|x86.Build.0 = Debug|Any CPU
		{BD7EEE0E-9432-4E76-BD82-793358E56BDF}.Release|Any CPU.ActiveCfg = Release|Any CPU
		{BD7EEE0E-9432-4E76-BD82-793358E56BDF}.Release|Any CPU.Build.0 = Release|Any CPU
		{BD7EEE0E-9432-4E76-BD82-793358E56BDF}.Release|x64.ActiveCfg = Release|Any CPU
		{BD7EEE0E-9432-4E76-BD82-793358E56BDF}.Release|x64.Build.0 = Release|Any CPU
		{BD7EEE0E-9432-4E76-BD82-793358E56BDF}.Release|x86.ActiveCfg = Release|Any CPU
		{BD7EEE0E-9432-4E76-BD82-793358E56BDF}.Release|x86.Build.0 = Release|Any CPU
		{2807B493-CC2E-402E-901A-EB138698FEDC}.Debug|Any CPU.ActiveCfg = Debug|Any CPU
		{2807B493-CC2E-402E-901A-EB138698FEDC}.Debug|Any CPU.Build.0 = Debug|Any CPU
		{2807B493-CC2E-402E-901A-EB138698FEDC}.Debug|x64.ActiveCfg = Debug|x64
		{2807B493-CC2E-402E-901A-EB138698FEDC}.Debug|x64.Build.0 = Debug|x64
		{2807B493-CC2E-402E-901A-EB138698FEDC}.Debug|x86.ActiveCfg = Debug|x86
		{2807B493-CC2E-402E-901A-EB138698FEDC}.Debug|x86.Build.0 = Debug|x86
		{2807B493-CC2E-402E-901A-EB138698FEDC}.Release|Any CPU.ActiveCfg = Release|Any CPU
		{2807B493-CC2E-402E-901A-EB138698FEDC}.Release|Any CPU.Build.0 = Release|Any CPU
		{2807B493-CC2E-402E-901A-EB138698FEDC}.Release|x64.ActiveCfg = Release|x64
		{2807B493-CC2E-402E-901A-EB138698FEDC}.Release|x64.Build.0 = Release|x64
		{2807B493-CC2E-402E-901A-EB138698FEDC}.Release|x86.ActiveCfg = Release|x86
		{2807B493-CC2E-402E-901A-EB138698FEDC}.Release|x86.Build.0 = Release|x86
		{B3FC3E21-5F2D-4581-AEA2-59F671CFFC21}.Debug|Any CPU.ActiveCfg = Debug|Any CPU
		{B3FC3E21-5F2D-4581-AEA2-59F671CFFC21}.Debug|Any CPU.Build.0 = Debug|Any CPU
		{B3FC3E21-5F2D-4581-AEA2-59F671CFFC21}.Debug|x64.ActiveCfg = Debug|Any CPU
		{B3FC3E21-5F2D-4581-AEA2-59F671CFFC21}.Debug|x64.Build.0 = Debug|Any CPU
		{B3FC3E21-5F2D-4581-AEA2-59F671CFFC21}.Debug|x86.ActiveCfg = Debug|Any CPU
		{B3FC3E21-5F2D-4581-AEA2-59F671CFFC21}.Debug|x86.Build.0 = Debug|Any CPU
		{B3FC3E21-5F2D-4581-AEA2-59F671CFFC21}.Release|Any CPU.ActiveCfg = Release|Any CPU
		{B3FC3E21-5F2D-4581-AEA2-59F671CFFC21}.Release|Any CPU.Build.0 = Release|Any CPU
		{B3FC3E21-5F2D-4581-AEA2-59F671CFFC21}.Release|x64.ActiveCfg = Release|Any CPU
		{B3FC3E21-5F2D-4581-AEA2-59F671CFFC21}.Release|x64.Build.0 = Release|Any CPU
		{B3FC3E21-5F2D-4581-AEA2-59F671CFFC21}.Release|x86.ActiveCfg = Release|Any CPU
		{B3FC3E21-5F2D-4581-AEA2-59F671CFFC21}.Release|x86.Build.0 = Release|Any CPU
		{BA72CCE0-A9FB-4995-B496-7FEC5C87B85B}.Debug|Any CPU.ActiveCfg = Debug|Any CPU
		{BA72CCE0-A9FB-4995-B496-7FEC5C87B85B}.Debug|Any CPU.Build.0 = Debug|Any CPU
		{BA72CCE0-A9FB-4995-B496-7FEC5C87B85B}.Debug|x64.ActiveCfg = Debug|Any CPU
		{BA72CCE0-A9FB-4995-B496-7FEC5C87B85B}.Debug|x64.Build.0 = Debug|Any CPU
		{BA72CCE0-A9FB-4995-B496-7FEC5C87B85B}.Debug|x86.ActiveCfg = Debug|Any CPU
		{BA72CCE0-A9FB-4995-B496-7FEC5C87B85B}.Debug|x86.Build.0 = Debug|Any CPU
		{BA72CCE0-A9FB-4995-B496-7FEC5C87B85B}.Release|Any CPU.ActiveCfg = Release|Any CPU
		{BA72CCE0-A9FB-4995-B496-7FEC5C87B85B}.Release|Any CPU.Build.0 = Release|Any CPU
		{BA72CCE0-A9FB-4995-B496-7FEC5C87B85B}.Release|x64.ActiveCfg = Release|Any CPU
		{BA72CCE0-A9FB-4995-B496-7FEC5C87B85B}.Release|x64.Build.0 = Release|Any CPU
		{BA72CCE0-A9FB-4995-B496-7FEC5C87B85B}.Release|x86.ActiveCfg = Release|Any CPU
		{BA72CCE0-A9FB-4995-B496-7FEC5C87B85B}.Release|x86.Build.0 = Release|Any CPU
		{FE4E16A2-876A-4356-9974-8A89C50B2A5A}.Debug|Any CPU.ActiveCfg = Debug|Any CPU
		{FE4E16A2-876A-4356-9974-8A89C50B2A5A}.Debug|Any CPU.Build.0 = Debug|Any CPU
		{FE4E16A2-876A-4356-9974-8A89C50B2A5A}.Debug|x64.ActiveCfg = Debug|Any CPU
		{FE4E16A2-876A-4356-9974-8A89C50B2A5A}.Debug|x64.Build.0 = Debug|Any CPU
		{FE4E16A2-876A-4356-9974-8A89C50B2A5A}.Debug|x86.ActiveCfg = Debug|Any CPU
		{FE4E16A2-876A-4356-9974-8A89C50B2A5A}.Debug|x86.Build.0 = Debug|Any CPU
		{FE4E16A2-876A-4356-9974-8A89C50B2A5A}.Release|Any CPU.ActiveCfg = Release|Any CPU
		{FE4E16A2-876A-4356-9974-8A89C50B2A5A}.Release|Any CPU.Build.0 = Release|Any CPU
		{FE4E16A2-876A-4356-9974-8A89C50B2A5A}.Release|x64.ActiveCfg = Release|Any CPU
		{FE4E16A2-876A-4356-9974-8A89C50B2A5A}.Release|x64.Build.0 = Release|Any CPU
		{FE4E16A2-876A-4356-9974-8A89C50B2A5A}.Release|x86.ActiveCfg = Release|Any CPU
		{FE4E16A2-876A-4356-9974-8A89C50B2A5A}.Release|x86.Build.0 = Release|Any CPU
		{38F7F15D-2F13-49E4-B4E6-B9552072AFCD}.Debug|Any CPU.ActiveCfg = Debug|Any CPU
		{38F7F15D-2F13-49E4-B4E6-B9552072AFCD}.Debug|Any CPU.Build.0 = Debug|Any CPU
		{38F7F15D-2F13-49E4-B4E6-B9552072AFCD}.Debug|x64.ActiveCfg = Debug|Any CPU
		{38F7F15D-2F13-49E4-B4E6-B9552072AFCD}.Debug|x64.Build.0 = Debug|Any CPU
		{38F7F15D-2F13-49E4-B4E6-B9552072AFCD}.Debug|x86.ActiveCfg = Debug|Any CPU
		{38F7F15D-2F13-49E4-B4E6-B9552072AFCD}.Debug|x86.Build.0 = Debug|Any CPU
		{38F7F15D-2F13-49E4-B4E6-B9552072AFCD}.Release|Any CPU.ActiveCfg = Release|Any CPU
		{38F7F15D-2F13-49E4-B4E6-B9552072AFCD}.Release|Any CPU.Build.0 = Release|Any CPU
		{38F7F15D-2F13-49E4-B4E6-B9552072AFCD}.Release|x64.ActiveCfg = Release|Any CPU
		{38F7F15D-2F13-49E4-B4E6-B9552072AFCD}.Release|x64.Build.0 = Release|Any CPU
		{38F7F15D-2F13-49E4-B4E6-B9552072AFCD}.Release|x86.ActiveCfg = Release|Any CPU
		{38F7F15D-2F13-49E4-B4E6-B9552072AFCD}.Release|x86.Build.0 = Release|Any CPU
		{8A6923BD-563B-4258-B4E6-AD651BBF1962}.Debug|Any CPU.ActiveCfg = Debug|Any CPU
		{8A6923BD-563B-4258-B4E6-AD651BBF1962}.Debug|Any CPU.Build.0 = Debug|Any CPU
		{8A6923BD-563B-4258-B4E6-AD651BBF1962}.Debug|x64.ActiveCfg = Debug|Any CPU
		{8A6923BD-563B-4258-B4E6-AD651BBF1962}.Debug|x64.Build.0 = Debug|Any CPU
		{8A6923BD-563B-4258-B4E6-AD651BBF1962}.Debug|x86.ActiveCfg = Debug|Any CPU
		{8A6923BD-563B-4258-B4E6-AD651BBF1962}.Debug|x86.Build.0 = Debug|Any CPU
		{8A6923BD-563B-4258-B4E6-AD651BBF1962}.Release|Any CPU.ActiveCfg = Release|Any CPU
		{8A6923BD-563B-4258-B4E6-AD651BBF1962}.Release|Any CPU.Build.0 = Release|Any CPU
		{8A6923BD-563B-4258-B4E6-AD651BBF1962}.Release|x64.ActiveCfg = Release|Any CPU
		{8A6923BD-563B-4258-B4E6-AD651BBF1962}.Release|x64.Build.0 = Release|Any CPU
		{8A6923BD-563B-4258-B4E6-AD651BBF1962}.Release|x86.ActiveCfg = Release|Any CPU
		{8A6923BD-563B-4258-B4E6-AD651BBF1962}.Release|x86.Build.0 = Release|Any CPU
		{DB5F3CB8-214B-4EAB-83D2-2AF4EF3D60AD}.Debug|Any CPU.ActiveCfg = Debug|Any CPU
		{DB5F3CB8-214B-4EAB-83D2-2AF4EF3D60AD}.Debug|Any CPU.Build.0 = Debug|Any CPU
		{DB5F3CB8-214B-4EAB-83D2-2AF4EF3D60AD}.Debug|x64.ActiveCfg = Debug|Any CPU
		{DB5F3CB8-214B-4EAB-83D2-2AF4EF3D60AD}.Debug|x64.Build.0 = Debug|Any CPU
		{DB5F3CB8-214B-4EAB-83D2-2AF4EF3D60AD}.Debug|x86.ActiveCfg = Debug|Any CPU
		{DB5F3CB8-214B-4EAB-83D2-2AF4EF3D60AD}.Debug|x86.Build.0 = Debug|Any CPU
		{DB5F3CB8-214B-4EAB-83D2-2AF4EF3D60AD}.Release|Any CPU.ActiveCfg = Release|Any CPU
		{DB5F3CB8-214B-4EAB-83D2-2AF4EF3D60AD}.Release|Any CPU.Build.0 = Release|Any CPU
		{DB5F3CB8-214B-4EAB-83D2-2AF4EF3D60AD}.Release|x64.ActiveCfg = Release|Any CPU
		{DB5F3CB8-214B-4EAB-83D2-2AF4EF3D60AD}.Release|x64.Build.0 = Release|Any CPU
		{DB5F3CB8-214B-4EAB-83D2-2AF4EF3D60AD}.Release|x86.ActiveCfg = Release|Any CPU
		{DB5F3CB8-214B-4EAB-83D2-2AF4EF3D60AD}.Release|x86.Build.0 = Release|Any CPU
		{3B75DEA1-F1B2-403C-AB74-C108EDB45EF2}.Debug|Any CPU.ActiveCfg = Debug|Any CPU
		{3B75DEA1-F1B2-403C-AB74-C108EDB45EF2}.Debug|Any CPU.Build.0 = Debug|Any CPU
		{3B75DEA1-F1B2-403C-AB74-C108EDB45EF2}.Debug|x64.ActiveCfg = Debug|Any CPU
		{3B75DEA1-F1B2-403C-AB74-C108EDB45EF2}.Debug|x64.Build.0 = Debug|Any CPU
		{3B75DEA1-F1B2-403C-AB74-C108EDB45EF2}.Debug|x86.ActiveCfg = Debug|Any CPU
		{3B75DEA1-F1B2-403C-AB74-C108EDB45EF2}.Debug|x86.Build.0 = Debug|Any CPU
		{3B75DEA1-F1B2-403C-AB74-C108EDB45EF2}.Release|Any CPU.ActiveCfg = Release|Any CPU
		{3B75DEA1-F1B2-403C-AB74-C108EDB45EF2}.Release|Any CPU.Build.0 = Release|Any CPU
		{3B75DEA1-F1B2-403C-AB74-C108EDB45EF2}.Release|x64.ActiveCfg = Release|Any CPU
		{3B75DEA1-F1B2-403C-AB74-C108EDB45EF2}.Release|x64.Build.0 = Release|Any CPU
		{3B75DEA1-F1B2-403C-AB74-C108EDB45EF2}.Release|x86.ActiveCfg = Release|Any CPU
		{3B75DEA1-F1B2-403C-AB74-C108EDB45EF2}.Release|x86.Build.0 = Release|Any CPU
		{2433B8AF-0788-4C86-8FDD-E3BCB62E2157}.Debug|Any CPU.ActiveCfg = Debug|Any CPU
		{2433B8AF-0788-4C86-8FDD-E3BCB62E2157}.Debug|Any CPU.Build.0 = Debug|Any CPU
		{2433B8AF-0788-4C86-8FDD-E3BCB62E2157}.Debug|x64.ActiveCfg = Debug|Any CPU
		{2433B8AF-0788-4C86-8FDD-E3BCB62E2157}.Debug|x64.Build.0 = Debug|Any CPU
		{2433B8AF-0788-4C86-8FDD-E3BCB62E2157}.Debug|x86.ActiveCfg = Debug|Any CPU
		{2433B8AF-0788-4C86-8FDD-E3BCB62E2157}.Debug|x86.Build.0 = Debug|Any CPU
		{2433B8AF-0788-4C86-8FDD-E3BCB62E2157}.Release|Any CPU.ActiveCfg = Release|Any CPU
		{2433B8AF-0788-4C86-8FDD-E3BCB62E2157}.Release|Any CPU.Build.0 = Release|Any CPU
		{2433B8AF-0788-4C86-8FDD-E3BCB62E2157}.Release|x64.ActiveCfg = Release|Any CPU
		{2433B8AF-0788-4C86-8FDD-E3BCB62E2157}.Release|x64.Build.0 = Release|Any CPU
		{2433B8AF-0788-4C86-8FDD-E3BCB62E2157}.Release|x86.ActiveCfg = Release|Any CPU
		{2433B8AF-0788-4C86-8FDD-E3BCB62E2157}.Release|x86.Build.0 = Release|Any CPU
	EndGlobalSection
	GlobalSection(SolutionProperties) = preSolution
		HideSolutionNode = FALSE
	EndGlobalSection
	GlobalSection(NestedProjects) = preSolution
		{339BC0D5-2A54-40ED-9850-7ED65182E6E1} = {1D267DDB-F2DE-4B70-87C1-E93A0C2D73F4}
		{DB81988F-E0F2-45A0-A1FD-8C37F3D35244} = {B0EB64E3-2C25-46CC-BBB6-E38EF2584177}
		{488DD8F7-9D3C-4F53-BD1F-84A095D9BC10} = {B0EB64E3-2C25-46CC-BBB6-E38EF2584177}
		{89286EB4-B4A1-418C-839A-067B00F442D8} = {B0EB64E3-2C25-46CC-BBB6-E38EF2584177}
		{BD7EEE0E-9432-4E76-BD82-793358E56BDF} = {B0EB64E3-2C25-46CC-BBB6-E38EF2584177}
		{72045D3A-A982-4C69-8FB8-6B601363D7ED} = {1D267DDB-F2DE-4B70-87C1-E93A0C2D73F4}
		{2807B493-CC2E-402E-901A-EB138698FEDC} = {72045D3A-A982-4C69-8FB8-6B601363D7ED}
		{B3FC3E21-5F2D-4581-AEA2-59F671CFFC21} = {B0EB64E3-2C25-46CC-BBB6-E38EF2584177}
		{BA72CCE0-A9FB-4995-B496-7FEC5C87B85B} = {B0EB64E3-2C25-46CC-BBB6-E38EF2584177}
		{20876020-CC7D-46BD-9B80-E4F01FC0FD31} = {1D267DDB-F2DE-4B70-87C1-E93A0C2D73F4}
		{FE4E16A2-876A-4356-9974-8A89C50B2A5A} = {20876020-CC7D-46BD-9B80-E4F01FC0FD31}
		{38F7F15D-2F13-49E4-B4E6-B9552072AFCD} = {72045D3A-A982-4C69-8FB8-6B601363D7ED}
		{8A6923BD-563B-4258-B4E6-AD651BBF1962} = {72045D3A-A982-4C69-8FB8-6B601363D7ED}
		{DB5F3CB8-214B-4EAB-83D2-2AF4EF3D60AD} = {1D267DDB-F2DE-4B70-87C1-E93A0C2D73F4}
		{3B75DEA1-F1B2-403C-AB74-C108EDB45EF2} = {1D267DDB-F2DE-4B70-87C1-E93A0C2D73F4}
		{2433B8AF-0788-4C86-8FDD-E3BCB62E2157} = {1D267DDB-F2DE-4B70-87C1-E93A0C2D73F4}
	EndGlobalSection
	GlobalSection(ExtensibilityGlobals) = postSolution
		SolutionGuid = {459B8289-CF04-4E70-AEC9-23DC3A6E66F6}
	EndGlobalSection
EndGlobal
